// !$*UTF8*$!
{
	archiveVersion = 1;
	classes = {
	};
	objectVersion = 50;
	objects = {

/* Begin PBXBuildFile section */
		501F76FB207B500B00C51A8E /* AppDelegate.swift in Sources */ = {isa = PBXBuildFile; fileRef = 501F76FA207B500B00C51A8E /* AppDelegate.swift */; };
		501F76FD207B500B00C51A8E /* ViewController.swift in Sources */ = {isa = PBXBuildFile; fileRef = 501F76FC207B500B00C51A8E /* ViewController.swift */; };
		501F7700207B500B00C51A8E /* Main.storyboard in Resources */ = {isa = PBXBuildFile; fileRef = 501F76FE207B500B00C51A8E /* Main.storyboard */; };
		501F7702207B500C00C51A8E /* Assets.xcassets in Resources */ = {isa = PBXBuildFile; fileRef = 501F7701207B500C00C51A8E /* Assets.xcassets */; };
		501F7705207B500C00C51A8E /* LaunchScreen.storyboard in Resources */ = {isa = PBXBuildFile; fileRef = 501F7703207B500C00C51A8E /* LaunchScreen.storyboard */; };
		501F770D207B5CE700C51A8E /* PageTwoViewController.swift in Sources */ = {isa = PBXBuildFile; fileRef = 501F770C207B5CE700C51A8E /* PageTwoViewController.swift */; };
		501F770F207B623F00C51A8E /* PageThreeViewController.swift in Sources */ = {isa = PBXBuildFile; fileRef = 501F770E207B623F00C51A8E /* PageThreeViewController.swift */; };
		50A44A6E207B683C0089EFB4 /* PageFourViewController.swift in Sources */ = {isa = PBXBuildFile; fileRef = 50A44A6D207B683C0089EFB4 /* PageFourViewController.swift */; };
		50A44A70207B6A500089EFB4 /* PageFiveViewController.swift in Sources */ = {isa = PBXBuildFile; fileRef = 50A44A6F207B6A500089EFB4 /* PageFiveViewController.swift */; };
/* End PBXBuildFile section */

/* Begin PBXFileReference section */
		501F76F7207B500B00C51A8E /* smokeAndMirrors.app */ = {isa = PBXFileReference; explicitFileType = wrapper.application; includeInIndex = 0; path = smokeAndMirrors.app; sourceTree = BUILT_PRODUCTS_DIR; };
		501F76FA207B500B00C51A8E /* AppDelegate.swift */ = {isa = PBXFileReference; lastKnownFileType = sourcecode.swift; path = AppDelegate.swift; sourceTree = "<group>"; };
		501F76FC207B500B00C51A8E /* ViewController.swift */ = {isa = PBXFileReference; lastKnownFileType = sourcecode.swift; path = ViewController.swift; sourceTree = "<group>"; };
		501F76FF207B500B00C51A8E /* Base */ = {isa = PBXFileReference; lastKnownFileType = file.storyboard; name = Base; path = Base.lproj/Main.storyboard; sourceTree = "<group>"; };
		501F7701207B500C00C51A8E /* Assets.xcassets */ = {isa = PBXFileReference; lastKnownFileType = folder.assetcatalog; path = Assets.xcassets; sourceTree = "<group>"; };
		501F7704207B500C00C51A8E /* Base */ = {isa = PBXFileReference; lastKnownFileType = file.storyboard; name = Base; path = Base.lproj/LaunchScreen.storyboard; sourceTree = "<group>"; };
		501F7706207B500C00C51A8E /* Info.plist */ = {isa = PBXFileReference; lastKnownFileType = text.plist.xml; path = Info.plist; sourceTree = "<group>"; };
		501F770C207B5CE700C51A8E /* PageTwoViewController.swift */ = {isa = PBXFileReference; lastKnownFileType = sourcecode.swift; path = PageTwoViewController.swift; sourceTree = "<group>"; };
		501F770E207B623F00C51A8E /* PageThreeViewController.swift */ = {isa = PBXFileReference; lastKnownFileType = sourcecode.swift; path = PageThreeViewController.swift; sourceTree = "<group>"; };
		50A44A6D207B683C0089EFB4 /* PageFourViewController.swift */ = {isa = PBXFileReference; lastKnownFileType = sourcecode.swift; path = PageFourViewController.swift; sourceTree = "<group>"; };
		50A44A6F207B6A500089EFB4 /* PageFiveViewController.swift */ = {isa = PBXFileReference; lastKnownFileType = sourcecode.swift; path = PageFiveViewController.swift; sourceTree = "<group>"; };
/* End PBXFileReference section */

/* Begin PBXFrameworksBuildPhase section */
		501F76F4207B500B00C51A8E /* Frameworks */ = {
			isa = PBXFrameworksBuildPhase;
			buildActionMask = 2147483647;
			files = (
			);
			runOnlyForDeploymentPostprocessing = 0;
		};
/* End PBXFrameworksBuildPhase section */

/* Begin PBXGroup section */
		501F76EE207B500B00C51A8E = {
			isa = PBXGroup;
			children = (
				501F76F9207B500B00C51A8E /* smokeAndMirrors */,
				501F76F8207B500B00C51A8E /* Products */,
			);
			sourceTree = "<group>";
		};
		501F76F8207B500B00C51A8E /* Products */ = {
			isa = PBXGroup;
			children = (
				501F76F7207B500B00C51A8E /* smokeAndMirrors.app */,
			);
			name = Products;
			sourceTree = "<group>";
		};
		501F76F9207B500B00C51A8E /* smokeAndMirrors */ = {
			isa = PBXGroup;
			children = (
				501F76FA207B500B00C51A8E /* AppDelegate.swift */,
				501F76FC207B500B00C51A8E /* ViewController.swift */,
				501F76FE207B500B00C51A8E /* Main.storyboard */,
				50A44A6F207B6A500089EFB4 /* PageFiveViewController.swift */,
				501F770E207B623F00C51A8E /* PageThreeViewController.swift */,
				50A44A6D207B683C0089EFB4 /* PageFourViewController.swift */,
				501F770C207B5CE700C51A8E /* PageTwoViewController.swift */,
				501F7701207B500C00C51A8E /* Assets.xcassets */,
				501F7703207B500C00C51A8E /* LaunchScreen.storyboard */,
				501F7706207B500C00C51A8E /* Info.plist */,
			);
			path = smokeAndMirrors;
			sourceTree = "<group>";
		};
/* End PBXGroup section */

/* Begin PBXNativeTarget section */
		501F76F6207B500B00C51A8E /* smokeAndMirrors */ = {
			isa = PBXNativeTarget;
			buildConfigurationList = 501F7709207B500C00C51A8E /* Build configuration list for PBXNativeTarget "smokeAndMirrors" */;
			buildPhases = (
				501F76F3207B500B00C51A8E /* Sources */,
				501F76F4207B500B00C51A8E /* Frameworks */,
				501F76F5207B500B00C51A8E /* Resources */,
			);
			buildRules = (
			);
			dependencies = (
			);
			name = smokeAndMirrors;
			productName = smokeAndMirrors;
			productReference = 501F76F7207B500B00C51A8E /* smokeAndMirrors.app */;
			productType = "com.apple.product-type.application";
		};
/* End PBXNativeTarget section */

/* Begin PBXProject section */
		501F76EF207B500B00C51A8E /* Project object */ = {
			isa = PBXProject;
			attributes = {
				LastSwiftUpdateCheck = 0930;
				LastUpgradeCheck = 0930;
				ORGANIZATIONNAME = "Eve Denison";
				TargetAttributes = {
					501F76F6207B500B00C51A8E = {
						CreatedOnToolsVersion = 9.3;
					};
				};
			};
			buildConfigurationList = 501F76F2207B500B00C51A8E /* Build configuration list for PBXProject "smokeAndMirrors" */;
			compatibilityVersion = "Xcode 9.3";
			developmentRegion = en;
			hasScannedForEncodings = 0;
			knownRegions = (
				en,
				Base,
			);
			mainGroup = 501F76EE207B500B00C51A8E;
			productRefGroup = 501F76F8207B500B00C51A8E /* Products */;
			projectDirPath = "";
			projectRoot = "";
			targets = (
				501F76F6207B500B00C51A8E /* smokeAndMirrors */,
			);
		};
/* End PBXProject section */

/* Begin PBXResourcesBuildPhase section */
		501F76F5207B500B00C51A8E /* Resources */ = {
			isa = PBXResourcesBuildPhase;
			buildActionMask = 2147483647;
			files = (
				501F7705207B500C00C51A8E /* LaunchScreen.storyboard in Resources */,
				501F7702207B500C00C51A8E /* Assets.xcassets in Resources */,
				501F7700207B500B00C51A8E /* Main.storyboard in Resources */,
			);
			runOnlyForDeploymentPostprocessing = 0;
		};
/* End PBXResourcesBuildPhase section */

/* Begin PBXSourcesBuildPhase section */
		501F76F3207B500B00C51A8E /* Sources */ = {
			isa = PBXSourcesBuildPhase;
			buildActionMask = 2147483647;
			files = (
				501F770F207B623F00C51A8E /* PageThreeViewController.swift in Sources */,
				501F76FD207B500B00C51A8E /* ViewController.swift in Sources */,
				501F76FB207B500B00C51A8E /* AppDelegate.swift in Sources */,
				50A44A70207B6A500089EFB4 /* PageFiveViewController.swift in Sources */,
				501F770D207B5CE700C51A8E /* PageTwoViewController.swift in Sources */,
				50A44A6E207B683C0089EFB4 /* PageFourViewController.swift in Sources */,
			);
			runOnlyForDeploymentPostprocessing = 0;
		};
/* End PBXSourcesBuildPhase section */

/* Begin PBXVariantGroup section */
		501F76FE207B500B00C51A8E /* Main.storyboard */ = {
			isa = PBXVariantGroup;
			children = (
				501F76FF207B500B00C51A8E /* Base */,
			);
			name = Main.storyboard;
			sourceTree = "<group>";
		};
		501F7703207B500C00C51A8E /* LaunchScreen.storyboard */ = {
			isa = PBXVariantGroup;
			children = (
				501F7704207B500C00C51A8E /* Base */,
			);
			name = LaunchScreen.storyboard;
			sourceTree = "<group>";
		};
/* End PBXVariantGroup section */

/* Begin XCBuildConfiguration section */
		501F7707207B500C00C51A8E /* Debug */ = {
			isa = XCBuildConfiguration;
			buildSettings = {
				ALWAYS_SEARCH_USER_PATHS = NO;
				CLANG_ANALYZER_NONNULL = YES;
				CLANG_ANALYZER_NUMBER_OBJECT_CONVERSION = YES_AGGRESSIVE;
				CLANG_CXX_LANGUAGE_STANDARD = "gnu++14";
				CLANG_CXX_LIBRARY = "libc++";
				CLANG_ENABLE_MODULES = YES;
				CLANG_ENABLE_OBJC_ARC = YES;
				CLANG_ENABLE_OBJC_WEAK = YES;
				CLANG_WARN_BLOCK_CAPTURE_AUTORELEASING = YES;
				CLANG_WARN_BOOL_CONVERSION = YES;
				CLANG_WARN_COMMA = YES;
				CLANG_WARN_CONSTANT_CONVERSION = YES;
				CLANG_WARN_DEPRECATED_OBJC_IMPLEMENTATIONS = YES;
				CLANG_WARN_DIRECT_OBJC_ISA_USAGE = YES_ERROR;
				CLANG_WARN_DOCUMENTATION_COMMENTS = YES;
				CLANG_WARN_EMPTY_BODY = YES;
				CLANG_WARN_ENUM_CONVERSION = YES;
				CLANG_WARN_INFINITE_RECURSION = YES;
				CLANG_WARN_INT_CONVERSION = YES;
				CLANG_WARN_NON_LITERAL_NULL_CONVERSION = YES;
				CLANG_WARN_OBJC_IMPLICIT_RETAIN_SELF = YES;
				CLANG_WARN_OBJC_LITERAL_CONVERSION = YES;
				CLANG_WARN_OBJC_ROOT_CLASS = YES_ERROR;
				CLANG_WARN_RANGE_LOOP_ANALYSIS = YES;
				CLANG_WARN_STRICT_PROTOTYPES = YES;
				CLANG_WARN_SUSPICIOUS_MOVE = YES;
				CLANG_WARN_UNGUARDED_AVAILABILITY = YES_AGGRESSIVE;
				CLANG_WARN_UNREACHABLE_CODE = YES;
				CLANG_WARN__DUPLICATE_METHOD_MATCH = YES;
				CODE_SIGN_IDENTITY = "iPhone Developer";
				COPY_PHASE_STRIP = NO;
				DEBUG_INFORMATION_FORMAT = dwarf;
				ENABLE_STRICT_OBJC_MSGSEND = YES;
				ENABLE_TESTABILITY = YES;
				GCC_C_LANGUAGE_STANDARD = gnu11;
				GCC_DYNAMIC_NO_PIC = NO;
				GCC_NO_COMMON_BLOCKS = YES;
				GCC_OPTIMIZATION_LEVEL = 0;
				GCC_PREPROCESSOR_DEFINITIONS = (
					"DEBUG=1",
					"$(inherited)",
				);
				GCC_WARN_64_TO_32_BIT_CONVERSION = YES;
				GCC_WARN_ABOUT_RETURN_TYPE = YES_ERROR;
				GCC_WARN_UNDECLARED_SELECTOR = YES;
				GCC_WARN_UNINITIALIZED_AUTOS = YES_AGGRESSIVE;
				GCC_WARN_UNUSED_FUNCTION = YES;
				GCC_WARN_UNUSED_VARIABLE = YES;
				IPHONEOS_DEPLOYMENT_TARGET = 11.3;
				MTL_ENABLE_DEBUG_INFO = YES;
				ONLY_ACTIVE_ARCH = YES;
				SDKROOT = iphoneos;
				SWIFT_ACTIVE_COMPILATION_CONDITIONS = DEBUG;
				SWIFT_OPTIMIZATION_LEVEL = "-Onone";
			};
			name = Debug;
		};
		501F7708207B500C00C51A8E /* Release */ = {
			isa = XCBuildConfiguration;
			buildSettings = {
				ALWAYS_SEARCH_USER_PATHS = NO;
				CLANG_ANALYZER_NONNULL = YES;
				CLANG_ANALYZER_NUMBER_OBJECT_CONVERSION = YES_AGGRESSIVE;
				CLANG_CXX_LANGUAGE_STANDARD = "gnu++14";
				CLANG_CXX_LIBRARY = "libc++";
				CLANG_ENABLE_MODULES = YES;
				CLANG_ENABLE_OBJC_ARC = YES;
				CLANG_ENABLE_OBJC_WEAK = YES;
				CLANG_WARN_BLOCK_CAPTURE_AUTORELEASING = YES;
				CLANG_WARN_BOOL_CONVERSION = YES;
				CLANG_WARN_COMMA = YES;
				CLANG_WARN_CONSTANT_CONVERSION = YES;
				CLANG_WARN_DEPRECATED_OBJC_IMPLEMENTATIONS = YES;
				CLANG_WARN_DIRECT_OBJC_ISA_USAGE = YES_ERROR;
				CLANG_WARN_DOCUMENTATION_COMMENTS = YES;
				CLANG_WARN_EMPTY_BODY = YES;
				CLANG_WARN_ENUM_CONVERSION = YES;
				CLANG_WARN_INFINITE_RECURSION = YES;
				CLANG_WARN_INT_CONVERSION = YES;
				CLANG_WARN_NON_LITERAL_NULL_CONVERSION = YES;
				CLANG_WARN_OBJC_IMPLICIT_RETAIN_SELF = YES;
				CLANG_WARN_OBJC_LITERAL_CONVERSION = YES;
				CLANG_WARN_OBJC_ROOT_CLASS = YES_ERROR;
				CLANG_WARN_RANGE_LOOP_ANALYSIS = YES;
				CLANG_WARN_STRICT_PROTOTYPES = YES;
				CLANG_WARN_SUSPICIOUS_MOVE = YES;
				CLANG_WARN_UNGUARDED_AVAILABILITY = YES_AGGRESSIVE;
				CLANG_WARN_UNREACHABLE_CODE = YES;
				CLANG_WARN__DUPLICATE_METHOD_MATCH = YES;
				CODE_SIGN_IDENTITY = "iPhone Developer";
				COPY_PHASE_STRIP = NO;
				DEBUG_INFORMATION_FORMAT = "dwarf-with-dsym";
				ENABLE_NS_ASSERTIONS = NO;
				ENABLE_STRICT_OBJC_MSGSEND = YES;
				GCC_C_LANGUAGE_STANDARD = gnu11;
				GCC_NO_COMMON_BLOCKS = YES;
				GCC_WARN_64_TO_32_BIT_CONVERSION = YES;
				GCC_WARN_ABOUT_RETURN_TYPE = YES_ERROR;
				GCC_WARN_UNDECLARED_SELECTOR = YES;
				GCC_WARN_UNINITIALIZED_AUTOS = YES_AGGRESSIVE;
				GCC_WARN_UNUSED_FUNCTION = YES;
				GCC_WARN_UNUSED_VARIABLE = YES;
				IPHONEOS_DEPLOYMENT_TARGET = 11.3;
				MTL_ENABLE_DEBUG_INFO = NO;
				SDKROOT = iphoneos;
				SWIFT_COMPILATION_MODE = wholemodule;
				SWIFT_OPTIMIZATION_LEVEL = "-O";
				VALIDATE_PRODUCT = YES;
			};
			name = Release;
		};
		501F770A207B500C00C51A8E /* Debug */ = {
			isa = XCBuildConfiguration;
			buildSettings = {
				ASSETCATALOG_COMPILER_APPICON_NAME = AppIcon;
				CODE_SIGN_STYLE = Automatic;
				DEVELOPMENT_TEAM = UG659HW99G;
				INFOPLIST_FILE = smokeAndMirrors/Info.plist;
				LD_RUNPATH_SEARCH_PATHS = (
					"$(inherited)",
					"@executable_path/Frameworks",
				);
				PRODUCT_BUNDLE_IDENTIFIER = com.evedenison.smokeAndMirrors;
				PRODUCT_NAME = "$(TARGET_NAME)";
				SWIFT_VERSION = 4.0;
				TARGETED_DEVICE_FAMILY = "1,2";
			};
			name = Debug;
		};
		501F770B207B500C00C51A8E /* Release */ = {
			isa = XCBuildConfiguration;
			buildSettings = {
				ASSETCATALOG_COMPILER_APPICON_NAME = AppIcon;
				CODE_SIGN_STYLE = Automatic;
				DEVELOPMENT_TEAM = UG659HW99G;
				INFOPLIST_FILE = smokeAndMirrors/Info.plist;
				LD_RUNPATH_SEARCH_PATHS = (
					"$(inherited)",
					"@executable_path/Frameworks",
				);
				PRODUCT_BUNDLE_IDENTIFIER = com.evedenison.smokeAndMirrors;
				PRODUCT_NAME = "$(TARGET_NAME)";
				SWIFT_VERSION = 4.0;
				TARGETED_DEVICE_FAMILY = "1,2";
			};
			name = Release;
		};
/* End XCBuildConfiguration section */

/* Begin XCConfigurationList section */
		501F76F2207B500B00C51A8E /* Build configuration list for PBXProject "smokeAndMirrors" */ = {
			isa = XCConfigurationList;
			buildConfigurations = (
				501F7707207B500C00C51A8E /* Debug */,
				501F7708207B500C00C51A8E /* Release */,
			);
			defaultConfigurationIsVisible = 0;
			defaultConfigurationName = Release;
		};
		501F7709207B500C00C51A8E /* Build configuration list for PBXNativeTarget "smokeAndMirrors" */ = {
			isa = XCConfigurationList;
			buildConfigurations = (
				501F770A207B500C00C51A8E /* Debug */,
				501F770B207B500C00C51A8E /* Release */,
			);
			defaultConfigurationIsVisible = 0;
			defaultConfigurationName = Release;
		};
/* End XCConfigurationList section */
	};
	rootObject = 501F76EF207B500B00C51A8E /* Project object */;
}
